<?xml version="1.0" encoding="UTF-8" standalone="yes" ?>
<CodeBlocks_project_file>
	<FileVersion major="1" minor="6" />
	<Project>
		<Option title="poject_manager" />
		<Option pch_mode="2" />
		<Option compiler="gcc" />
		<Build>
			<Target title="Debug">
				<Option output="bin/Debug/poject_manager" prefix_auto="1" extension_auto="1" />
				<Option object_output="obj/Debug/" />
				<Option type="1" />
				<Option compiler="gcc" />
				<Compiler>
					<Add option="-g" />
					<Add directory="headers" />
				</Compiler>
				<Linker>
					<Add directory="headers" />
				</Linker>
			</Target>
			<Target title="Release">
				<Option output="bin/Release/poject_manager" prefix_auto="1" extension_auto="1" />
				<Option object_output="obj/Release/" />
				<Option type="1" />
				<Option compiler="gcc" />
				<Compiler>
					<Add option="-O2" />
					<Add directory="headers" />
				</Compiler>
				<Linker>
					<Add option="-s" />
					<Add directory="headers" />
				</Linker>
			</Target>
		</Build>
		<Compiler>
			<Add option="-Wall" />
			<Add directory="/home/zidan/c/lab/project/poject_manager/headers" />
		</Compiler>
		<Linker>
			<Add directory="/home/zidan/c/lab/project/poject_manager/headers" />
		</Linker>
		<Unit filename="headers/about_us.h" />
		<Unit filename="headers/cross_platform.h" />
		<Unit filename="headers/login.h" />
		<Unit filename="headers/manage_projects.h" />
		<Unit filename="headers/menu.h" />
		<Unit filename="headers/options.h" />
		<Unit filename="headers/quick_fix.h" />
		<Unit filename="headers/splash.h" />
		<Unit filename="project_management.c">
			<Option compilerVar="CC" />
		</Unit>
		<Extensions />
	</Project>
</CodeBlocks_project_file>
